
Microsoft Visual Studio Solution File, Format Version 12.00
# Visual Studio Version 17
VisualStudioVersion = 17.0.31903.59
MinimumVisualStudioVersion = 10.0.40219.1
Project("{FAE04EC0-301F-11D3-BF4B-00C04F79EFBC}") = "torun", "torun\torun.csproj", "{A37F9773-C5BB-48DA-8A12-14F2AF0D0872}"
EndProject
Project("{FAE04EC0-301F-11D3-BF4B-00C04F79EFBC}") = "QuantityMeasurement.Tests", "QuantityMeasurement.Tests\QuantityMeasurement.Tests.csproj", "{56E005AA-1CCF-4BA2-A417-162C7C4CF698}"
EndProject
Global
	GlobalSection(SolutionConfigurationPlatforms) = preSolution
		Debug|Any CPU = Debug|Any CPU
		Release|Any CPU = Release|Any CPU
	EndGlobalSection
	GlobalSection(SolutionProperties) = preSolution
		HideSolutionNode = FALSE
	EndGlobalSection
	GlobalSection(ProjectConfigurationPlatforms) = postSolution
		{A37F9773-C5BB-48DA-8A12-14F2AF0D0872}.Debug|Any CPU.ActiveCfg = Debug|Any CPU
		{A37F9773-C5BB-48DA-8A12-14F2AF0D0872}.Debug|Any CPU.Build.0 = Debug|Any CPU
		{A37F9773-C5BB-48DA-8A12-14F2AF0D0872}.Release|Any CPU.ActiveCfg = Release|Any CPU
		{A37F9773-C5BB-48DA-8A12-14F2AF0D0872}.Release|Any CPU.Build.0 = Release|Any CPU
		{56E005AA-1CCF-4BA2-A417-162C7C4CF698}.Debug|Any CPU.ActiveCfg = Debug|Any CPU
		{56E005AA-1CCF-4BA2-A417-162C7C4CF698}.Debug|Any CPU.Build.0 = Debug|Any CPU
		{56E005AA-1CCF-4BA2-A417-162C7C4CF698}.Release|Any CPU.ActiveCfg = Release|Any CPU
		{56E005AA-1CCF-4BA2-A417-162C7C4CF698}.Release|Any CPU.Build.0 = Release|Any CPU
	EndGlobalSection
EndGlobal
